
Microsoft Visual Studio Solution File, Format Version 12.00
# Visual Studio Version 16
VisualStudioVersion = 16.0.32126.315
MinimumVisualStudioVersion = 10.0.40219.1
Project("{FAE04EC0-301F-11D3-BF4B-00C04F79EFBC}") = "conchitastore", "conchitastore\conchitastore.csproj", "{DDD001FB-D4DC-4464-9974-AADC2F467042}"
EndProject
Global
	GlobalSection(SolutionConfigurationPlatforms) = preSolution
		Debug|Any CPU = Debug|Any CPU
		Release|Any CPU = Release|Any CPU
	EndGlobalSection
	GlobalSection(ProjectConfigurationPlatforms) = postSolution
		{DDD001FB-D4DC-4464-9974-AADC2F467042}.Debug|Any CPU.ActiveCfg = Debug|Any CPU
		{DDD001FB-D4DC-4464-9974-AADC2F467042}.Debug|Any CPU.Build.0 = Debug|Any CPU
		{DDD001FB-D4DC-4464-9974-AADC2F467042}.Release|Any CPU.ActiveCfg = Release|Any CPU
		{DDD001FB-D4DC-4464-9974-AADC2F467042}.Release|Any CPU.Build.0 = Release|Any CPU
	EndGlobalSection
	GlobalSection(SolutionProperties) = preSolution
		HideSolutionNode = FALSE
	EndGlobalSection
	GlobalSection(ExtensibilityGlobals) = postSolution
		SolutionGuid = {CC3A285F-5A80-4919-8EBC-AC9136D38950}
	EndGlobalSection
EndGlobal
